
Microsoft Visual Studio Solution File, Format Version 12.00
# Visual Studio 14
VisualStudioVersion = 14.0.25420.1
MinimumVisualStudioVersion = 10.0.40219.1
Project("{2150E333-8FDC-42A3-9474-1A3956D46DE8}") = "Desafio1", "Desafio1", "{3B2D0656-ABBD-48C3-B1D5-F1ACB8095964}"
EndProject
Project("{2150E333-8FDC-42A3-9474-1A3956D46DE8}") = "Desafio2", "Desafio2", "{4D055B0C-3265-453B-9B17-7BC646F744F6}"
EndProject
Project("{FAE04EC0-301F-11D3-BF4B-00C04F79EFBC}") = "Desafio1.Model", "Desafio1.Model\Desafio1.Model.csproj", "{AFF1CE96-F21A-43C6-8A10-5D018F31DC4A}"
EndProject
Project("{FAE04EC0-301F-11D3-BF4B-00C04F79EFBC}") = "Desafio1.Data", "Desafio1.Data\Desafio1.Data.csproj", "{955C87BB-E792-42B3-9240-77C2C55F790A}"
EndProject
Project("{FAE04EC0-301F-11D3-BF4B-00C04F79EFBC}") = "Desafio1.Services", "Desafio1.Services\Desafio1.Services.csproj", "{B6FB2035-115D-4D07-B303-36D3058BD426}"
EndProject
Project("{FAE04EC0-301F-11D3-BF4B-00C04F79EFBC}") = "Desafio1.Console", "Desafio1.Console\Desafio1.Console.csproj", "{ECA643AC-121B-49B0-8770-017265EB8BCC}"
EndProject
Project("{FAE04EC0-301F-11D3-BF4B-00C04F79EFBC}") = "Desafio2.Extracao", "Desafio2.Extracao\Desafio2.Extracao.csproj", "{C2C612F8-C4C1-4C3D-AEE2-B7C10C80AF55}"
EndProject
Global
	GlobalSection(SolutionConfigurationPlatforms) = preSolution
		Debug|Any CPU = Debug|Any CPU
		Release|Any CPU = Release|Any CPU
	EndGlobalSection
	GlobalSection(ProjectConfigurationPlatforms) = postSolution
		{AFF1CE96-F21A-43C6-8A10-5D018F31DC4A}.Debug|Any CPU.ActiveCfg = Debug|Any CPU
		{AFF1CE96-F21A-43C6-8A10-5D018F31DC4A}.Debug|Any CPU.Build.0 = Debug|Any CPU
		{AFF1CE96-F21A-43C6-8A10-5D018F31DC4A}.Release|Any CPU.ActiveCfg = Release|Any CPU
		{AFF1CE96-F21A-43C6-8A10-5D018F31DC4A}.Release|Any CPU.Build.0 = Release|Any CPU
		{955C87BB-E792-42B3-9240-77C2C55F790A}.Debug|Any CPU.ActiveCfg = Debug|Any CPU
		{955C87BB-E792-42B3-9240-77C2C55F790A}.Debug|Any CPU.Build.0 = Debug|Any CPU
		{955C87BB-E792-42B3-9240-77C2C55F790A}.Release|Any CPU.ActiveCfg = Release|Any CPU
		{955C87BB-E792-42B3-9240-77C2C55F790A}.Release|Any CPU.Build.0 = Release|Any CPU
		{B6FB2035-115D-4D07-B303-36D3058BD426}.Debug|Any CPU.ActiveCfg = Debug|Any CPU
		{B6FB2035-115D-4D07-B303-36D3058BD426}.Debug|Any CPU.Build.0 = Debug|Any CPU
		{B6FB2035-115D-4D07-B303-36D3058BD426}.Release|Any CPU.ActiveCfg = Release|Any CPU
		{B6FB2035-115D-4D07-B303-36D3058BD426}.Release|Any CPU.Build.0 = Release|Any CPU
		{ECA643AC-121B-49B0-8770-017265EB8BCC}.Debug|Any CPU.ActiveCfg = Debug|Any CPU
		{ECA643AC-121B-49B0-8770-017265EB8BCC}.Debug|Any CPU.Build.0 = Debug|Any CPU
		{ECA643AC-121B-49B0-8770-017265EB8BCC}.Release|Any CPU.ActiveCfg = Release|Any CPU
		{ECA643AC-121B-49B0-8770-017265EB8BCC}.Release|Any CPU.Build.0 = Release|Any CPU
		{C2C612F8-C4C1-4C3D-AEE2-B7C10C80AF55}.Debug|Any CPU.ActiveCfg = Debug|Any CPU
		{C2C612F8-C4C1-4C3D-AEE2-B7C10C80AF55}.Debug|Any CPU.Build.0 = Debug|Any CPU
		{C2C612F8-C4C1-4C3D-AEE2-B7C10C80AF55}.Release|Any CPU.ActiveCfg = Release|Any CPU
		{C2C612F8-C4C1-4C3D-AEE2-B7C10C80AF55}.Release|Any CPU.Build.0 = Release|Any CPU
	EndGlobalSection
	GlobalSection(SolutionProperties) = preSolution
		HideSolutionNode = FALSE
	EndGlobalSection
	GlobalSection(NestedProjects) = preSolution
		{AFF1CE96-F21A-43C6-8A10-5D018F31DC4A} = {3B2D0656-ABBD-48C3-B1D5-F1ACB8095964}
		{955C87BB-E792-42B3-9240-77C2C55F790A} = {3B2D0656-ABBD-48C3-B1D5-F1ACB8095964}
		{B6FB2035-115D-4D07-B303-36D3058BD426} = {3B2D0656-ABBD-48C3-B1D5-F1ACB8095964}
		{ECA643AC-121B-49B0-8770-017265EB8BCC} = {3B2D0656-ABBD-48C3-B1D5-F1ACB8095964}
		{C2C612F8-C4C1-4C3D-AEE2-B7C10C80AF55} = {4D055B0C-3265-453B-9B17-7BC646F744F6}
	EndGlobalSection
EndGlobal
