
Microsoft Visual Studio Solution File, Format Version 12.00
# Visual Studio 14
VisualStudioVersion = 14.0.25420.1
MinimumVisualStudioVersion = 10.0.40219.1
Project("{2150E333-8FDC-42A3-9474-1A3956D46DE8}") = "Desafio1", "Desafio1", "{3B2D0656-ABBD-48C3-B1D5-F1ACB8095964}"
EndProject
Project("{2150E333-8FDC-42A3-9474-1A3956D46DE8}") = "Desafio2", "Desafio2", "{4D055B0C-3265-453B-9B17-7BC646F744F6}"
EndProject
Project("{FAE04EC0-301F-11D3-BF4B-00C04F79EFBC}") = "Desafio2.Arquivo", "Desafio2.Arquivo\Desafio2.Arquivo.csproj", "{6025634A-A529-487E-BA0A-3412BE5BEC8C}"
EndProject
Project("{FAE04EC0-301F-11D3-BF4B-00C04F79EFBC}") = "Desafio1.Partidas", "Desafio1.Partidas\Desafio1.Partidas.csproj", "{D90D2072-2429-489D-B541-E65943827524}"
EndProject
Global
	GlobalSection(SolutionConfigurationPlatforms) = preSolution
		Debug|Any CPU = Debug|Any CPU
		Release|Any CPU = Release|Any CPU
	EndGlobalSection
	GlobalSection(ProjectConfigurationPlatforms) = postSolution
		{6025634A-A529-487E-BA0A-3412BE5BEC8C}.Debug|Any CPU.ActiveCfg = Debug|Any CPU
		{6025634A-A529-487E-BA0A-3412BE5BEC8C}.Debug|Any CPU.Build.0 = Debug|Any CPU
		{6025634A-A529-487E-BA0A-3412BE5BEC8C}.Release|Any CPU.ActiveCfg = Release|Any CPU
		{6025634A-A529-487E-BA0A-3412BE5BEC8C}.Release|Any CPU.Build.0 = Release|Any CPU
		{D90D2072-2429-489D-B541-E65943827524}.Debug|Any CPU.ActiveCfg = Debug|Any CPU
		{D90D2072-2429-489D-B541-E65943827524}.Debug|Any CPU.Build.0 = Debug|Any CPU
		{D90D2072-2429-489D-B541-E65943827524}.Release|Any CPU.ActiveCfg = Release|Any CPU
		{D90D2072-2429-489D-B541-E65943827524}.Release|Any CPU.Build.0 = Release|Any CPU
	EndGlobalSection
	GlobalSection(SolutionProperties) = preSolution
		HideSolutionNode = FALSE
	EndGlobalSection
	GlobalSection(NestedProjects) = preSolution
		{6025634A-A529-487E-BA0A-3412BE5BEC8C} = {4D055B0C-3265-453B-9B17-7BC646F744F6}
		{D90D2072-2429-489D-B541-E65943827524} = {3B2D0656-ABBD-48C3-B1D5-F1ACB8095964}
	EndGlobalSection
EndGlobal
